
Microsoft Visual Studio Solution File, Format Version 12.00
# Visual Studio 15
Project("{FAE04EC0-301F-11D3-BF4B-00C04F79EFBC}") = "Unity.Timeline", "Unity.Timeline.csproj", "{35207CBC-398C-ED76-C431-75C882589B02}"
EndProject
Project("{FAE04EC0-301F-11D3-BF4B-00C04F79EFBC}") = "Unity.ShaderGraph.Editor", "Unity.ShaderGraph.Editor.csproj", "{7D0E345B-77BB-8F48-A28F-0C3B32F0AB3B}"
EndProject
Project("{FAE04EC0-301F-11D3-BF4B-00C04F79EFBC}") = "Unity.XR.Management", "Unity.XR.Management.csproj", "{8B63E41B-1B5E-36CC-38FC-468A4AEBCCD2}"
EndProject
Project("{FAE04EC0-301F-11D3-BF4B-00C04F79EFBC}") = "Unity.VisualScripting.Flow", "Unity.VisualScripting.Flow.csproj", "{D29C9F0A-9B16-EA9C-264C-B0D3D375ADB1}"
EndProject
Project("{FAE04EC0-301F-11D3-BF4B-00C04F79EFBC}") = "Unity.XR.Interaction.Toolkit", "Unity.XR.Interaction.Toolkit.csproj", "{B3F6024B-79E3-7D03-A833-B26AA64D9450}"
EndProject
Project("{FAE04EC0-301F-11D3-BF4B-00C04F79EFBC}") = "UnityEditor.UI", "UnityEditor.UI.csproj", "{580735B9-9D6F-B558-7C9D-A7CFD230BC25}"
EndProject
Project("{FAE04EC0-301F-11D3-BF4B-00C04F79EFBC}") = "Unity.XR.CoreUtils.Editor", "Unity.XR.CoreUtils.Editor.csproj", "{60AE5037-EAB6-B6B9-91B0-7218FB3F4011}"
EndProject
Project("{FAE04EC0-301F-11D3-BF4B-00C04F79EFBC}") = "Unity.XR.Interaction.Toolkit.Editor", "Unity.XR.Interaction.Toolkit.Editor.csproj", "{499922FE-0FE9-CC3D-1C86-7C9AE69ED90E}"
EndProject
Project("{FAE04EC0-301F-11D3-BF4B-00C04F79EFBC}") = "Unity.Timeline.Editor", "Unity.Timeline.Editor.csproj", "{60B391A7-2078-35BB-7A85-62461CB0E068}"
EndProject
Project("{FAE04EC0-301F-11D3-BF4B-00C04F79EFBC}") = "Unity.PlasticSCM.Editor", "Unity.PlasticSCM.Editor.csproj", "{8FA03E12-50C5-DBA6-C597-1D0600ABC948}"
EndProject
Project("{FAE04EC0-301F-11D3-BF4B-00C04F79EFBC}") = "Unity.RenderPipelines.Core.Runtime", "Unity.RenderPipelines.Core.Runtime.csproj", "{7AFA30B7-93A9-6481-99E5-614098DDA721}"
EndProject
Project("{FAE04EC0-301F-11D3-BF4B-00C04F79EFBC}") = "Unity.RenderPipelines.Universal.Runtime", "Unity.RenderPipelines.Universal.Runtime.csproj", "{CA569110-C249-F4C7-437D-713D2BEFC097}"
EndProject
Project("{FAE04EC0-301F-11D3-BF4B-00C04F79EFBC}") = "Unity.Mathematics", "Unity.Mathematics.csproj", "{038B4C1A-3F3B-98FA-43B1-03C9008CDC6B}"
EndProject
Project("{FAE04EC0-301F-11D3-BF4B-00C04F79EFBC}") = "Unity.RenderPipelines.Core.Editor", "Unity.RenderPipelines.Core.Editor.csproj", "{352400E5-6B72-2517-F89C-5B36C831109E}"
EndProject
Project("{FAE04EC0-301F-11D3-BF4B-00C04F79EFBC}") = "Unity.XR.Interaction.Toolkit.Samples.Hands", "Unity.XR.Interaction.Toolkit.Samples.Hands.csproj", "{8B30DF99-04FC-B087-E5D8-D63DE25537AE}"
EndProject
Project("{FAE04EC0-301F-11D3-BF4B-00C04F79EFBC}") = "Unity.VisualScripting.Core.Editor", "Unity.VisualScripting.Core.Editor.csproj", "{06724031-A138-95A2-3980-77A6737F9EBE}"
EndProject
Project("{FAE04EC0-301F-11D3-BF4B-00C04F79EFBC}") = "UnityEditor.TestRunner", "UnityEditor.TestRunner.csproj", "{E651E804-543A-76C2-2CBA-FCE7AB38E23F}"
EndProject
Project("{FAE04EC0-301F-11D3-BF4B-00C04F79EFBC}") = "Unity.XR.CoreUtils", "Unity.XR.CoreUtils.csproj", "{619180F9-7128-492B-CB3E-DD7802CACE33}"
EndProject
Project("{FAE04EC0-301F-11D3-BF4B-00C04F79EFBC}") = "Unity.InputSystem", "Unity.InputSystem.csproj", "{DC9199F0-C39A-E9DF-AD01-9DBA1A2888CE}"
EndProject
Project("{FAE04EC0-301F-11D3-BF4B-00C04F79EFBC}") = "Unity.RenderPipelines.Universal.Editor", "Unity.RenderPipelines.Universal.Editor.csproj", "{F697D471-A623-67EA-A4E5-6033558C4807}"
EndProject
Project("{FAE04EC0-301F-11D3-BF4B-00C04F79EFBC}") = "Unity.TextMeshPro.Editor", "Unity.TextMeshPro.Editor.csproj", "{76974346-55A7-3476-EDCD-04EB8DD02879}"
EndProject
Project("{FAE04EC0-301F-11D3-BF4B-00C04F79EFBC}") = "Unity.VisualScripting.Flow.Editor", "Unity.VisualScripting.Flow.Editor.csproj", "{FD6AA60D-5439-336A-B5FA-5AFD9EBA3E24}"
EndProject
Project("{FAE04EC0-301F-11D3-BF4B-00C04F79EFBC}") = "UnityEngine.TestRunner", "UnityEngine.TestRunner.csproj", "{F20A8C42-201A-885A-D640-59378CA785DF}"
EndProject
Project("{FAE04EC0-301F-11D3-BF4B-00C04F79EFBC}") = "Unity.VisualScripting.Core", "Unity.VisualScripting.Core.csproj", "{99079957-86A2-4056-71C9-3F823C531871}"
EndProject
Project("{FAE04EC0-301F-11D3-BF4B-00C04F79EFBC}") = "Unity.Searcher.Editor", "Unity.Searcher.Editor.csproj", "{15E81605-52E2-2CFE-AF06-6D4BC8A36656}"
EndProject
Project("{FAE04EC0-301F-11D3-BF4B-00C04F79EFBC}") = "Unity.Burst", "Unity.Burst.csproj", "{12985926-D446-50E5-FA62-C0326A77036E}"
EndProject
Project("{FAE04EC0-301F-11D3-BF4B-00C04F79EFBC}") = "Unity.VisualStudio.Editor", "Unity.VisualStudio.Editor.csproj", "{23823E87-AD2C-B3D6-33B3-F0C57B10439D}"
EndProject
Project("{FAE04EC0-301F-11D3-BF4B-00C04F79EFBC}") = "PPv2URPConverters", "PPv2URPConverters.csproj", "{5D4394C3-AFF0-4F61-6209-BB126DA4D415}"
EndProject
Project("{FAE04EC0-301F-11D3-BF4B-00C04F79EFBC}") = "Unity.XR.OpenXR", "Unity.XR.OpenXR.csproj", "{F0AD1D90-FE51-8EA1-A4F2-98F10F2E3EA7}"
EndProject
Project("{FAE04EC0-301F-11D3-BF4B-00C04F79EFBC}") = "Unity.XR.Hands", "Unity.XR.Hands.csproj", "{2F6201CB-3A4C-B7B0-FD1F-C55BAA149D77}"
EndProject
Project("{FAE04EC0-301F-11D3-BF4B-00C04F79EFBC}") = "Unity.TestTools.CodeCoverage.Editor.OpenCover.Model", "Unity.TestTools.CodeCoverage.Editor.OpenCover.Model.csproj", "{ECFE397B-62D5-0194-9F04-DC82ED546382}"
EndProject
Project("{FAE04EC0-301F-11D3-BF4B-00C04F79EFBC}") = "Unity.Rider.Editor", "Unity.Rider.Editor.csproj", "{AB11ED16-06E7-99BD-8FF0-C3CC33430C55}"
EndProject
Project("{FAE04EC0-301F-11D3-BF4B-00C04F79EFBC}") = "Unity.XR.OpenXR.Editor", "Unity.XR.OpenXR.Editor.csproj", "{C2AA7BF9-C183-5D52-77FE-871B057405BB}"
EndProject
Project("{FAE04EC0-301F-11D3-BF4B-00C04F79EFBC}") = "Unity.VisualScripting.State.Editor", "Unity.VisualScripting.State.Editor.csproj", "{19558854-577B-1F47-6BBF-7309C42F0DFC}"
EndProject
Project("{FAE04EC0-301F-11D3-BF4B-00C04F79EFBC}") = "UnityEngine.UI", "UnityEngine.UI.csproj", "{487FED03-CE7D-2CE1-19FF-97DCC8413DDD}"
EndProject
Project("{FAE04EC0-301F-11D3-BF4B-00C04F79EFBC}") = "Unity.TestTools.CodeCoverage.Editor", "Unity.TestTools.CodeCoverage.Editor.csproj", "{3F66A10C-FF4E-50A5-A1CC-F4B382BA6106}"
EndProject
Project("{FAE04EC0-301F-11D3-BF4B-00C04F79EFBC}") = "Unity.Burst.CodeGen", "Unity.Burst.CodeGen.csproj", "{BBCF3C1A-C26F-4F04-F74D-66EAFCA61C99}"
EndProject
Project("{FAE04EC0-301F-11D3-BF4B-00C04F79EFBC}") = "Unity.RenderPipeline.Universal.ShaderLibrary", "Unity.RenderPipeline.Universal.ShaderLibrary.csproj", "{5507FE66-3B26-0AF3-50EE-639459B98468}"
EndProject
Project("{FAE04EC0-301F-11D3-BF4B-00C04F79EFBC}") = "Unity.VisualScripting.State", "Unity.VisualScripting.State.csproj", "{4041562D-0F8A-9AF3-AAE7-4C1183219164}"
EndProject
Project("{FAE04EC0-301F-11D3-BF4B-00C04F79EFBC}") = "Unity.TextMeshPro", "Unity.TextMeshPro.csproj", "{FD5AF3B2-CC1C-D901-FFF2-F875FA9F6FBE}"
EndProject
Project("{FAE04EC0-301F-11D3-BF4B-00C04F79EFBC}") = "Unity.XR.Management.Editor", "Unity.XR.Management.Editor.csproj", "{E9E42322-D9B3-444A-EB0D-59F9239B4D7B}"
EndProject
Project("{FAE04EC0-301F-11D3-BF4B-00C04F79EFBC}") = "Unity.Performance.Profile-Analyzer.Editor", "Unity.Performance.Profile-Analyzer.Editor.csproj", "{366FAFE6-E3C5-00AA-5831-861AB83B00CB}"
EndProject
Project("{FAE04EC0-301F-11D3-BF4B-00C04F79EFBC}") = "Unity.XR.Interaction.Toolkit.Samples.DeviceSimulator", "Unity.XR.Interaction.Toolkit.Samples.DeviceSimulator.csproj", "{1695A494-B8C0-74C5-406C-3257902DA84C}"
EndProject
Project("{FAE04EC0-301F-11D3-BF4B-00C04F79EFBC}") = "Unity.VisualScripting.SettingsProvider.Editor", "Unity.VisualScripting.SettingsProvider.Editor.csproj", "{B73942D7-36E1-9DD6-CE1F-E06049195F6D}"
EndProject
Project("{FAE04EC0-301F-11D3-BF4B-00C04F79EFBC}") = "Unity.VSCode.Editor", "Unity.VSCode.Editor.csproj", "{C1B297E5-5E1D-C289-CED9-3AD8095D4AC0}"
EndProject
Project("{FAE04EC0-301F-11D3-BF4B-00C04F79EFBC}") = "Unity.Burst.Editor", "Unity.Burst.Editor.csproj", "{6E9B8C27-4C38-7819-1BA3-F6D8658F67AB}"
EndProject
Project("{FAE04EC0-301F-11D3-BF4B-00C04F79EFBC}") = "Unity.TestTools.CodeCoverage.Editor.OpenCover.Mono.Reflection", "Unity.TestTools.CodeCoverage.Editor.OpenCover.Mono.Reflection.csproj", "{1A34BB52-32E3-650B-4AA3-88454ED71ED4}"
EndProject
Project("{FAE04EC0-301F-11D3-BF4B-00C04F79EFBC}") = "Unity.Settings.Editor", "Unity.Settings.Editor.csproj", "{518F4950-8E13-FA28-2AC4-24E0ED8404BB}"
EndProject
Project("{FAE04EC0-301F-11D3-BF4B-00C04F79EFBC}") = "UnityEngine.SpatialTracking", "UnityEngine.SpatialTracking.csproj", "{9F7F1E1A-A19A-8AEB-9F23-70F23CFD7999}"
EndProject
Project("{FAE04EC0-301F-11D3-BF4B-00C04F79EFBC}") = "Unity.InputSystem.ForUI", "Unity.InputSystem.ForUI.csproj", "{4A666C11-7DF0-A349-9FFB-32EC8D432738}"
EndProject
Project("{FAE04EC0-301F-11D3-BF4B-00C04F79EFBC}") = "Unity.Mathematics.Editor", "Unity.Mathematics.Editor.csproj", "{AAAB6DEC-34C8-0099-F8AA-AC22E8AEC5EC}"
EndProject
Project("{FAE04EC0-301F-11D3-BF4B-00C04F79EFBC}") = "Unity.XR.Hands.Editor", "Unity.XR.Hands.Editor.csproj", "{D1F8AC42-6F8A-B442-25FD-6D7E90604713}"
EndProject
Project("{FAE04EC0-301F-11D3-BF4B-00C04F79EFBC}") = "UnityEditor.SpatialTracking", "UnityEditor.SpatialTracking.csproj", "{B167283B-E7AF-A843-E4DB-E25A8CED1136}"
EndProject
Project("{FAE04EC0-301F-11D3-BF4B-00C04F79EFBC}") = "Unity.XR.Interaction.Toolkit.Samples.StarterAssets.Editor", "Unity.XR.Interaction.Toolkit.Samples.StarterAssets.Editor.csproj", "{BE8F725A-D1C9-0AC2-16FE-263A3EE689CD}"
EndProject
Project("{FAE04EC0-301F-11D3-BF4B-00C04F79EFBC}") = "Unity.XR.OpenXR.Features.MetaQuestSupport.Editor", "Unity.XR.OpenXR.Features.MetaQuestSupport.Editor.csproj", "{4C7ED9D4-1DE4-D93F-C972-E2A87D57A780}"
EndProject
Project("{FAE04EC0-301F-11D3-BF4B-00C04F79EFBC}") = "Unity.InputSystem.TestFramework", "Unity.InputSystem.TestFramework.csproj", "{9725CD6A-B688-4850-D9F1-6E7DC2C5DDBF}"
EndProject
Project("{FAE04EC0-301F-11D3-BF4B-00C04F79EFBC}") = "Unity.XR.OpenXR.Features.RuntimeDebugger.Editor", "Unity.XR.OpenXR.Features.RuntimeDebugger.Editor.csproj", "{D4430787-6860-D859-1E58-F51AA06D6D50}"
EndProject
Project("{FAE04EC0-301F-11D3-BF4B-00C04F79EFBC}") = "UnityEditor.XR.LegacyInputHelpers", "UnityEditor.XR.LegacyInputHelpers.csproj", "{816E6167-110C-79EF-C2FA-2ADB6C4CDFB2}"
EndProject
Project("{FAE04EC0-301F-11D3-BF4B-00C04F79EFBC}") = "Unity.ShaderGraph.Utilities", "Unity.ShaderGraph.Utilities.csproj", "{141A5FDD-FAAC-F9B2-8A8C-EE03308B5BF6}"
EndProject
Project("{FAE04EC0-301F-11D3-BF4B-00C04F79EFBC}") = "Unity.XR.Hands.Samples.VisualizerSample", "Unity.XR.Hands.Samples.VisualizerSample.csproj", "{7A7300AB-41FB-562E-0536-132ED6CD4B33}"
EndProject
Project("{FAE04EC0-301F-11D3-BF4B-00C04F79EFBC}") = "Assembly-CSharp", "Assembly-CSharp.csproj", "{BD7C57FC-F445-6E28-561A-0FCA31DFFC74}"
EndProject
Project("{FAE04EC0-301F-11D3-BF4B-00C04F79EFBC}") = "Unity.VisualScripting.Shared.Editor", "Unity.VisualScripting.Shared.Editor.csproj", "{0FD478B5-2020-8766-A9FD-A6AA6DF378D2}"
EndProject
Project("{FAE04EC0-301F-11D3-BF4B-00C04F79EFBC}") = "Unity.XR.Interaction.Toolkit.Samples.Hands.Editor", "Unity.XR.Interaction.Toolkit.Samples.Hands.Editor.csproj", "{00144FE2-8C34-EED7-D06C-95E2F0692986}"
EndProject
Project("{FAE04EC0-301F-11D3-BF4B-00C04F79EFBC}") = "Unity.XR.OpenXR.Features.OculusQuestSupport.Editor", "Unity.XR.OpenXR.Features.OculusQuestSupport.Editor.csproj", "{08B2F97B-63E5-03C6-87B3-460D9D4D6A74}"
EndProject
Project("{FAE04EC0-301F-11D3-BF4B-00C04F79EFBC}") = "Unity.EditorCoroutines.Editor", "Unity.EditorCoroutines.Editor.csproj", "{A02B9D32-F231-B5F4-22D9-7B0DC0D94478}"
EndProject
Project("{FAE04EC0-301F-11D3-BF4B-00C04F79EFBC}") = "Unity.XR.OpenXR.Features.ConformanceAutomation", "Unity.XR.OpenXR.Features.ConformanceAutomation.csproj", "{25530276-003B-D68F-7E7E-0CD1B305E883}"
EndProject
Project("{FAE04EC0-301F-11D3-BF4B-00C04F79EFBC}") = "UnityEngine.XR.LegacyInputHelpers", "UnityEngine.XR.LegacyInputHelpers.csproj", "{8FAE3A67-AEA6-C4FE-45FE-84465401A380}"
EndProject
Project("{FAE04EC0-301F-11D3-BF4B-00C04F79EFBC}") = "Unity.XR.Interaction.Toolkit.Samples.StarterAssets", "Unity.XR.Interaction.Toolkit.Samples.StarterAssets.csproj", "{85B4FC97-4836-1E01-9B2B-1E26F88E41B1}"
EndProject
Project("{FAE04EC0-301F-11D3-BF4B-00C04F79EFBC}") = "Unity.XR.OpenXR.Features.OculusQuestSupport", "Unity.XR.OpenXR.Features.OculusQuestSupport.csproj", "{FB782170-D87C-FBB0-00C0-9E30036E4911}"
EndProject
Project("{FAE04EC0-301F-11D3-BF4B-00C04F79EFBC}") = "Unity.XR.OpenXR.Features.MockRuntime", "Unity.XR.OpenXR.Features.MockRuntime.csproj", "{D21923EB-83AD-46A9-78E5-13980BFF9A8D}"
EndProject
Project("{FAE04EC0-301F-11D3-BF4B-00C04F79EFBC}") = "Unity.XR.OpenXR.Features.RuntimeDebugger", "Unity.XR.OpenXR.Features.RuntimeDebugger.csproj", "{36E39952-748D-F9F3-D6C5-24F7104D07A0}"
EndProject
Project("{FAE04EC0-301F-11D3-BF4B-00C04F79EFBC}") = "Unity.XR.OpenXR.Features.MetaQuestSupport", "Unity.XR.OpenXR.Features.MetaQuestSupport.csproj", "{1BAEBDD6-77F6-B588-FE85-D192A602AC54}"
EndProject
Project("{FAE04EC0-301F-11D3-BF4B-00C04F79EFBC}") = "Unity.CollabProxy.Editor", "Unity.CollabProxy.Editor.csproj", "{0D0B5760-9E31-C47F-C54D-5F4B5721B675}"
EndProject
Project("{FAE04EC0-301F-11D3-BF4B-00C04F79EFBC}") = "Unity.RenderPipelines.ShaderGraph.ShaderGraphLibrary", "Unity.RenderPipelines.ShaderGraph.ShaderGraphLibrary.csproj", "{74A75EE9-EE0F-3C8D-0DF9-927C3990E849}"
EndProject
Project("{FAE04EC0-301F-11D3-BF4B-00C04F79EFBC}") = "Unity.RenderPipelines.Core.ShaderLibrary", "Unity.RenderPipelines.Core.ShaderLibrary.csproj", "{F87F4269-12F4-FD1F-5021-B0BF5DF7B37B}"
EndProject
Project("{FAE04EC0-301F-11D3-BF4B-00C04F79EFBC}") = "Unity.RenderPipelines.Universal.Shaders", "Unity.RenderPipelines.Universal.Shaders.csproj", "{39CD8E4D-D71D-D986-A8C6-D4384AFD1B8E}"
EndProject
Global
	GlobalSection(SolutionConfigurationPlatforms) = preSolution
		Debug|Any CPU = Debug|Any CPU
		Release|Any CPU = Release|Any CPU
	EndGlobalSection
	GlobalSection(ProjectConfigurationPlatforms) = postSolution
		{35207CBC-398C-ED76-C431-75C882589B02}.Debug|Any CPU.ActiveCfg = Debug|Any CPU
		{35207CBC-398C-ED76-C431-75C882589B02}.Debug|Any CPU.Build.0 = Debug|Any CPU
		{35207CBC-398C-ED76-C431-75C882589B02}.Release|Any CPU.ActiveCfg = Release|Any CPU
		{35207CBC-398C-ED76-C431-75C882589B02}.Release|Any CPU.Build.0 = Release|Any CPU
		{7D0E345B-77BB-8F48-A28F-0C3B32F0AB3B}.Debug|Any CPU.ActiveCfg = Debug|Any CPU
		{7D0E345B-77BB-8F48-A28F-0C3B32F0AB3B}.Debug|Any CPU.Build.0 = Debug|Any CPU
		{7D0E345B-77BB-8F48-A28F-0C3B32F0AB3B}.Release|Any CPU.ActiveCfg = Release|Any CPU
		{7D0E345B-77BB-8F48-A28F-0C3B32F0AB3B}.Release|Any CPU.Build.0 = Release|Any CPU
		{8B63E41B-1B5E-36CC-38FC-468A4AEBCCD2}.Debug|Any CPU.ActiveCfg = Debug|Any CPU
		{8B63E41B-1B5E-36CC-38FC-468A4AEBCCD2}.Debug|Any CPU.Build.0 = Debug|Any CPU
		{8B63E41B-1B5E-36CC-38FC-468A4AEBCCD2}.Release|Any CPU.ActiveCfg = Release|Any CPU
		{8B63E41B-1B5E-36CC-38FC-468A4AEBCCD2}.Release|Any CPU.Build.0 = Release|Any CPU
		{D29C9F0A-9B16-EA9C-264C-B0D3D375ADB1}.Debug|Any CPU.ActiveCfg = Debug|Any CPU
		{D29C9F0A-9B16-EA9C-264C-B0D3D375ADB1}.Debug|Any CPU.Build.0 = Debug|Any CPU
		{D29C9F0A-9B16-EA9C-264C-B0D3D375ADB1}.Release|Any CPU.ActiveCfg = Release|Any CPU
		{D29C9F0A-9B16-EA9C-264C-B0D3D375ADB1}.Release|Any CPU.Build.0 = Release|Any CPU
		{B3F6024B-79E3-7D03-A833-B26AA64D9450}.Debug|Any CPU.ActiveCfg = Debug|Any CPU
		{B3F6024B-79E3-7D03-A833-B26AA64D9450}.Debug|Any CPU.Build.0 = Debug|Any CPU
		{B3F6024B-79E3-7D03-A833-B26AA64D9450}.Release|Any CPU.ActiveCfg = Release|Any CPU
		{B3F6024B-79E3-7D03-A833-B26AA64D9450}.Release|Any CPU.Build.0 = Release|Any CPU
		{580735B9-9D6F-B558-7C9D-A7CFD230BC25}.Debug|Any CPU.ActiveCfg = Debug|Any CPU
		{580735B9-9D6F-B558-7C9D-A7CFD230BC25}.Debug|Any CPU.Build.0 = Debug|Any CPU
		{580735B9-9D6F-B558-7C9D-A7CFD230BC25}.Release|Any CPU.ActiveCfg = Release|Any CPU
		{580735B9-9D6F-B558-7C9D-A7CFD230BC25}.Release|Any CPU.Build.0 = Release|Any CPU
		{60AE5037-EAB6-B6B9-91B0-7218FB3F4011}.Debug|Any CPU.ActiveCfg = Debug|Any CPU
		{60AE5037-EAB6-B6B9-91B0-7218FB3F4011}.Debug|Any CPU.Build.0 = Debug|Any CPU
		{60AE5037-EAB6-B6B9-91B0-7218FB3F4011}.Release|Any CPU.ActiveCfg = Release|Any CPU
		{60AE5037-EAB6-B6B9-91B0-7218FB3F4011}.Release|Any CPU.Build.0 = Release|Any CPU
		{499922FE-0FE9-CC3D-1C86-7C9AE69ED90E}.Debug|Any CPU.ActiveCfg = Debug|Any CPU
		{499922FE-0FE9-CC3D-1C86-7C9AE69ED90E}.Debug|Any CPU.Build.0 = Debug|Any CPU
		{499922FE-0FE9-CC3D-1C86-7C9AE69ED90E}.Release|Any CPU.ActiveCfg = Release|Any CPU
		{499922FE-0FE9-CC3D-1C86-7C9AE69ED90E}.Release|Any CPU.Build.0 = Release|Any CPU
		{60B391A7-2078-35BB-7A85-62461CB0E068}.Debug|Any CPU.ActiveCfg = Debug|Any CPU
		{60B391A7-2078-35BB-7A85-62461CB0E068}.Debug|Any CPU.Build.0 = Debug|Any CPU
		{60B391A7-2078-35BB-7A85-62461CB0E068}.Release|Any CPU.ActiveCfg = Release|Any CPU
		{60B391A7-2078-35BB-7A85-62461CB0E068}.Release|Any CPU.Build.0 = Release|Any CPU
		{8FA03E12-50C5-DBA6-C597-1D0600ABC948}.Debug|Any CPU.ActiveCfg = Debug|Any CPU
		{8FA03E12-50C5-DBA6-C597-1D0600ABC948}.Debug|Any CPU.Build.0 = Debug|Any CPU
		{8FA03E12-50C5-DBA6-C597-1D0600ABC948}.Release|Any CPU.ActiveCfg = Release|Any CPU
		{8FA03E12-50C5-DBA6-C597-1D0600ABC948}.Release|Any CPU.Build.0 = Release|Any CPU
		{7AFA30B7-93A9-6481-99E5-614098DDA721}.Debug|Any CPU.ActiveCfg = Debug|Any CPU
		{7AFA30B7-93A9-6481-99E5-614098DDA721}.Debug|Any CPU.Build.0 = Debug|Any CPU
		{7AFA30B7-93A9-6481-99E5-614098DDA721}.Release|Any CPU.ActiveCfg = Release|Any CPU
		{7AFA30B7-93A9-6481-99E5-614098DDA721}.Release|Any CPU.Build.0 = Release|Any CPU
		{CA569110-C249-F4C7-437D-713D2BEFC097}.Debug|Any CPU.ActiveCfg = Debug|Any CPU
		{CA569110-C249-F4C7-437D-713D2BEFC097}.Debug|Any CPU.Build.0 = Debug|Any CPU
		{CA569110-C249-F4C7-437D-713D2BEFC097}.Release|Any CPU.ActiveCfg = Release|Any CPU
		{CA569110-C249-F4C7-437D-713D2BEFC097}.Release|Any CPU.Build.0 = Release|Any CPU
		{038B4C1A-3F3B-98FA-43B1-03C9008CDC6B}.Debug|Any CPU.ActiveCfg = Debug|Any CPU
		{038B4C1A-3F3B-98FA-43B1-03C9008CDC6B}.Debug|Any CPU.Build.0 = Debug|Any CPU
		{038B4C1A-3F3B-98FA-43B1-03C9008CDC6B}.Release|Any CPU.ActiveCfg = Release|Any CPU
		{038B4C1A-3F3B-98FA-43B1-03C9008CDC6B}.Release|Any CPU.Build.0 = Release|Any CPU
		{352400E5-6B72-2517-F89C-5B36C831109E}.Debug|Any CPU.ActiveCfg = Debug|Any CPU
		{352400E5-6B72-2517-F89C-5B36C831109E}.Debug|Any CPU.Build.0 = Debug|Any CPU
		{352400E5-6B72-2517-F89C-5B36C831109E}.Release|Any CPU.ActiveCfg = Release|Any CPU
		{352400E5-6B72-2517-F89C-5B36C831109E}.Release|Any CPU.Build.0 = Release|Any CPU
		{8B30DF99-04FC-B087-E5D8-D63DE25537AE}.Debug|Any CPU.ActiveCfg = Debug|Any CPU
		{8B30DF99-04FC-B087-E5D8-D63DE25537AE}.Debug|Any CPU.Build.0 = Debug|Any CPU
		{8B30DF99-04FC-B087-E5D8-D63DE25537AE}.Release|Any CPU.ActiveCfg = Release|Any CPU
		{8B30DF99-04FC-B087-E5D8-D63DE25537AE}.Release|Any CPU.Build.0 = Release|Any CPU
		{06724031-A138-95A2-3980-77A6737F9EBE}.Debug|Any CPU.ActiveCfg = Debug|Any CPU
		{06724031-A138-95A2-3980-77A6737F9EBE}.Debug|Any CPU.Build.0 = Debug|Any CPU
		{06724031-A138-95A2-3980-77A6737F9EBE}.Release|Any CPU.ActiveCfg = Release|Any CPU
		{06724031-A138-95A2-3980-77A6737F9EBE}.Release|Any CPU.Build.0 = Release|Any CPU
		{E651E804-543A-76C2-2CBA-FCE7AB38E23F}.Debug|Any CPU.ActiveCfg = Debug|Any CPU
		{E651E804-543A-76C2-2CBA-FCE7AB38E23F}.Debug|Any CPU.Build.0 = Debug|Any CPU
		{E651E804-543A-76C2-2CBA-FCE7AB38E23F}.Release|Any CPU.ActiveCfg = Release|Any CPU
		{E651E804-543A-76C2-2CBA-FCE7AB38E23F}.Release|Any CPU.Build.0 = Release|Any CPU
		{619180F9-7128-492B-CB3E-DD7802CACE33}.Debug|Any CPU.ActiveCfg = Debug|Any CPU
		{619180F9-7128-492B-CB3E-DD7802CACE33}.Debug|Any CPU.Build.0 = Debug|Any CPU
		{619180F9-7128-492B-CB3E-DD7802CACE33}.Release|Any CPU.ActiveCfg = Release|Any CPU
		{619180F9-7128-492B-CB3E-DD7802CACE33}.Release|Any CPU.Build.0 = Release|Any CPU
		{DC9199F0-C39A-E9DF-AD01-9DBA1A2888CE}.Debug|Any CPU.ActiveCfg = Debug|Any CPU
		{DC9199F0-C39A-E9DF-AD01-9DBA1A2888CE}.Debug|Any CPU.Build.0 = Debug|Any CPU
		{DC9199F0-C39A-E9DF-AD01-9DBA1A2888CE}.Release|Any CPU.ActiveCfg = Release|Any CPU
		{DC9199F0-C39A-E9DF-AD01-9DBA1A2888CE}.Release|Any CPU.Build.0 = Release|Any CPU
		{F697D471-A623-67EA-A4E5-6033558C4807}.Debug|Any CPU.ActiveCfg = Debug|Any CPU
		{F697D471-A623-67EA-A4E5-6033558C4807}.Debug|Any CPU.Build.0 = Debug|Any CPU
		{F697D471-A623-67EA-A4E5-6033558C4807}.Release|Any CPU.ActiveCfg = Release|Any CPU
		{F697D471-A623-67EA-A4E5-6033558C4807}.Release|Any CPU.Build.0 = Release|Any CPU
		{76974346-55A7-3476-EDCD-04EB8DD02879}.Debug|Any CPU.ActiveCfg = Debug|Any CPU
		{76974346-55A7-3476-EDCD-04EB8DD02879}.Debug|Any CPU.Build.0 = Debug|Any CPU
		{76974346-55A7-3476-EDCD-04EB8DD02879}.Release|Any CPU.ActiveCfg = Release|Any CPU
		{76974346-55A7-3476-EDCD-04EB8DD02879}.Release|Any CPU.Build.0 = Release|Any CPU
		{FD6AA60D-5439-336A-B5FA-5AFD9EBA3E24}.Debug|Any CPU.ActiveCfg = Debug|Any CPU
		{FD6AA60D-5439-336A-B5FA-5AFD9EBA3E24}.Debug|Any CPU.Build.0 = Debug|Any CPU
		{FD6AA60D-5439-336A-B5FA-5AFD9EBA3E24}.Release|Any CPU.ActiveCfg = Release|Any CPU
		{FD6AA60D-5439-336A-B5FA-5AFD9EBA3E24}.Release|Any CPU.Build.0 = Release|Any CPU
		{F20A8C42-201A-885A-D640-59378CA785DF}.Debug|Any CPU.ActiveCfg = Debug|Any CPU
		{F20A8C42-201A-885A-D640-59378CA785DF}.Debug|Any CPU.Build.0 = Debug|Any CPU
		{F20A8C42-201A-885A-D640-59378CA785DF}.Release|Any CPU.ActiveCfg = Release|Any CPU
		{F20A8C42-201A-885A-D640-59378CA785DF}.Release|Any CPU.Build.0 = Release|Any CPU
		{99079957-86A2-4056-71C9-3F823C531871}.Debug|Any CPU.ActiveCfg = Debug|Any CPU
		{99079957-86A2-4056-71C9-3F823C531871}.Debug|Any CPU.Build.0 = Debug|Any CPU
		{99079957-86A2-4056-71C9-3F823C531871}.Release|Any CPU.ActiveCfg = Release|Any CPU
		{99079957-86A2-4056-71C9-3F823C531871}.Release|Any CPU.Build.0 = Release|Any CPU
		{15E81605-52E2-2CFE-AF06-6D4BC8A36656}.Debug|Any CPU.ActiveCfg = Debug|Any CPU
		{15E81605-52E2-2CFE-AF06-6D4BC8A36656}.Debug|Any CPU.Build.0 = Debug|Any CPU
		{15E81605-52E2-2CFE-AF06-6D4BC8A36656}.Release|Any CPU.ActiveCfg = Release|Any CPU
		{15E81605-52E2-2CFE-AF06-6D4BC8A36656}.Release|Any CPU.Build.0 = Release|Any CPU
		{12985926-D446-50E5-FA62-C0326A77036E}.Debug|Any CPU.ActiveCfg = Debug|Any CPU
		{12985926-D446-50E5-FA62-C0326A77036E}.Debug|Any CPU.Build.0 = Debug|Any CPU
		{12985926-D446-50E5-FA62-C0326A77036E}.Release|Any CPU.ActiveCfg = Release|Any CPU
		{12985926-D446-50E5-FA62-C0326A77036E}.Release|Any CPU.Build.0 = Release|Any CPU
		{23823E87-AD2C-B3D6-33B3-F0C57B10439D}.Debug|Any CPU.ActiveCfg = Debug|Any CPU
		{23823E87-AD2C-B3D6-33B3-F0C57B10439D}.Debug|Any CPU.Build.0 = Debug|Any CPU
		{23823E87-AD2C-B3D6-33B3-F0C57B10439D}.Release|Any CPU.ActiveCfg = Release|Any CPU
		{23823E87-AD2C-B3D6-33B3-F0C57B10439D}.Release|Any CPU.Build.0 = Release|Any CPU
		{5D4394C3-AFF0-4F61-6209-BB126DA4D415}.Debug|Any CPU.ActiveCfg = Debug|Any CPU
		{5D4394C3-AFF0-4F61-6209-BB126DA4D415}.Debug|Any CPU.Build.0 = Debug|Any CPU
		{5D4394C3-AFF0-4F61-6209-BB126DA4D415}.Release|Any CPU.ActiveCfg = Release|Any CPU
		{5D4394C3-AFF0-4F61-6209-BB126DA4D415}.Release|Any CPU.Build.0 = Release|Any CPU
		{F0AD1D90-FE51-8EA1-A4F2-98F10F2E3EA7}.Debug|Any CPU.ActiveCfg = Debug|Any CPU
		{F0AD1D90-FE51-8EA1-A4F2-98F10F2E3EA7}.Debug|Any CPU.Build.0 = Debug|Any CPU
		{F0AD1D90-FE51-8EA1-A4F2-98F10F2E3EA7}.Release|Any CPU.ActiveCfg = Release|Any CPU
		{F0AD1D90-FE51-8EA1-A4F2-98F10F2E3EA7}.Release|Any CPU.Build.0 = Release|Any CPU
		{2F6201CB-3A4C-B7B0-FD1F-C55BAA149D77}.Debug|Any CPU.ActiveCfg = Debug|Any CPU
		{2F6201CB-3A4C-B7B0-FD1F-C55BAA149D77}.Debug|Any CPU.Build.0 = Debug|Any CPU
		{2F6201CB-3A4C-B7B0-FD1F-C55BAA149D77}.Release|Any CPU.ActiveCfg = Release|Any CPU
		{2F6201CB-3A4C-B7B0-FD1F-C55BAA149D77}.Release|Any CPU.Build.0 = Release|Any CPU
		{ECFE397B-62D5-0194-9F04-DC82ED546382}.Debug|Any CPU.ActiveCfg = Debug|Any CPU
		{ECFE397B-62D5-0194-9F04-DC82ED546382}.Debug|Any CPU.Build.0 = Debug|Any CPU
		{ECFE397B-62D5-0194-9F04-DC82ED546382}.Release|Any CPU.ActiveCfg = Release|Any CPU
		{ECFE397B-62D5-0194-9F04-DC82ED546382}.Release|Any CPU.Build.0 = Release|Any CPU
		{AB11ED16-06E7-99BD-8FF0-C3CC33430C55}.Debug|Any CPU.ActiveCfg = Debug|Any CPU
		{AB11ED16-06E7-99BD-8FF0-C3CC33430C55}.Debug|Any CPU.Build.0 = Debug|Any CPU
		{AB11ED16-06E7-99BD-8FF0-C3CC33430C55}.Release|Any CPU.ActiveCfg = Release|Any CPU
		{AB11ED16-06E7-99BD-8FF0-C3CC33430C55}.Release|Any CPU.Build.0 = Release|Any CPU
		{C2AA7BF9-C183-5D52-77FE-871B057405BB}.Debug|Any CPU.ActiveCfg = Debug|Any CPU
		{C2AA7BF9-C183-5D52-77FE-871B057405BB}.Debug|Any CPU.Build.0 = Debug|Any CPU
		{C2AA7BF9-C183-5D52-77FE-871B057405BB}.Release|Any CPU.ActiveCfg = Release|Any CPU
		{C2AA7BF9-C183-5D52-77FE-871B057405BB}.Release|Any CPU.Build.0 = Release|Any CPU
		{19558854-577B-1F47-6BBF-7309C42F0DFC}.Debug|Any CPU.ActiveCfg = Debug|Any CPU
		{19558854-577B-1F47-6BBF-7309C42F0DFC}.Debug|Any CPU.Build.0 = Debug|Any CPU
		{19558854-577B-1F47-6BBF-7309C42F0DFC}.Release|Any CPU.ActiveCfg = Release|Any CPU
		{19558854-577B-1F47-6BBF-7309C42F0DFC}.Release|Any CPU.Build.0 = Release|Any CPU
		{487FED03-CE7D-2CE1-19FF-97DCC8413DDD}.Debug|Any CPU.ActiveCfg = Debug|Any CPU
		{487FED03-CE7D-2CE1-19FF-97DCC8413DDD}.Debug|Any CPU.Build.0 = Debug|Any CPU
		{487FED03-CE7D-2CE1-19FF-97DCC8413DDD}.Release|Any CPU.ActiveCfg = Release|Any CPU
		{487FED03-CE7D-2CE1-19FF-97DCC8413DDD}.Release|Any CPU.Build.0 = Release|Any CPU
		{3F66A10C-FF4E-50A5-A1CC-F4B382BA6106}.Debug|Any CPU.ActiveCfg = Debug|Any CPU
		{3F66A10C-FF4E-50A5-A1CC-F4B382BA6106}.Debug|Any CPU.Build.0 = Debug|Any CPU
		{3F66A10C-FF4E-50A5-A1CC-F4B382BA6106}.Release|Any CPU.ActiveCfg = Release|Any CPU
		{3F66A10C-FF4E-50A5-A1CC-F4B382BA6106}.Release|Any CPU.Build.0 = Release|Any CPU
		{BBCF3C1A-C26F-4F04-F74D-66EAFCA61C99}.Debug|Any CPU.ActiveCfg = Debug|Any CPU
		{BBCF3C1A-C26F-4F04-F74D-66EAFCA61C99}.Debug|Any CPU.Build.0 = Debug|Any CPU
		{BBCF3C1A-C26F-4F04-F74D-66EAFCA61C99}.Release|Any CPU.ActiveCfg = Release|Any CPU
		{BBCF3C1A-C26F-4F04-F74D-66EAFCA61C99}.Release|Any CPU.Build.0 = Release|Any CPU
		{5507FE66-3B26-0AF3-50EE-639459B98468}.Debug|Any CPU.ActiveCfg = Debug|Any CPU
		{5507FE66-3B26-0AF3-50EE-639459B98468}.Debug|Any CPU.Build.0 = Debug|Any CPU
		{5507FE66-3B26-0AF3-50EE-639459B98468}.Release|Any CPU.ActiveCfg = Release|Any CPU
		{5507FE66-3B26-0AF3-50EE-639459B98468}.Release|Any CPU.Build.0 = Release|Any CPU
		{4041562D-0F8A-9AF3-AAE7-4C1183219164}.Debug|Any CPU.ActiveCfg = Debug|Any CPU
		{4041562D-0F8A-9AF3-AAE7-4C1183219164}.Debug|Any CPU.Build.0 = Debug|Any CPU
		{4041562D-0F8A-9AF3-AAE7-4C1183219164}.Release|Any CPU.ActiveCfg = Release|Any CPU
		{4041562D-0F8A-9AF3-AAE7-4C1183219164}.Release|Any CPU.Build.0 = Release|Any CPU
		{FD5AF3B2-CC1C-D901-FFF2-F875FA9F6FBE}.Debug|Any CPU.ActiveCfg = Debug|Any CPU
		{FD5AF3B2-CC1C-D901-FFF2-F875FA9F6FBE}.Debug|Any CPU.Build.0 = Debug|Any CPU
		{FD5AF3B2-CC1C-D901-FFF2-F875FA9F6FBE}.Release|Any CPU.ActiveCfg = Release|Any CPU
		{FD5AF3B2-CC1C-D901-FFF2-F875FA9F6FBE}.Release|Any CPU.Build.0 = Release|Any CPU
		{E9E42322-D9B3-444A-EB0D-59F9239B4D7B}.Debug|Any CPU.ActiveCfg = Debug|Any CPU
		{E9E42322-D9B3-444A-EB0D-59F9239B4D7B}.Debug|Any CPU.Build.0 = Debug|Any CPU
		{E9E42322-D9B3-444A-EB0D-59F9239B4D7B}.Release|Any CPU.ActiveCfg = Release|Any CPU
		{E9E42322-D9B3-444A-EB0D-59F9239B4D7B}.Release|Any CPU.Build.0 = Release|Any CPU
		{366FAFE6-E3C5-00AA-5831-861AB83B00CB}.Debug|Any CPU.ActiveCfg = Debug|Any CPU
		{366FAFE6-E3C5-00AA-5831-861AB83B00CB}.Debug|Any CPU.Build.0 = Debug|Any CPU
		{366FAFE6-E3C5-00AA-5831-861AB83B00CB}.Release|Any CPU.ActiveCfg = Release|Any CPU
		{366FAFE6-E3C5-00AA-5831-861AB83B00CB}.Release|Any CPU.Build.0 = Release|Any CPU
		{1695A494-B8C0-74C5-406C-3257902DA84C}.Debug|Any CPU.ActiveCfg = Debug|Any CPU
		{1695A494-B8C0-74C5-406C-3257902DA84C}.Debug|Any CPU.Build.0 = Debug|Any CPU
		{1695A494-B8C0-74C5-406C-3257902DA84C}.Release|Any CPU.ActiveCfg = Release|Any CPU
		{1695A494-B8C0-74C5-406C-3257902DA84C}.Release|Any CPU.Build.0 = Release|Any CPU
		{B73942D7-36E1-9DD6-CE1F-E06049195F6D}.Debug|Any CPU.ActiveCfg = Debug|Any CPU
		{B73942D7-36E1-9DD6-CE1F-E06049195F6D}.Debug|Any CPU.Build.0 = Debug|Any CPU
		{B73942D7-36E1-9DD6-CE1F-E06049195F6D}.Release|Any CPU.ActiveCfg = Release|Any CPU
		{B73942D7-36E1-9DD6-CE1F-E06049195F6D}.Release|Any CPU.Build.0 = Release|Any CPU
		{C1B297E5-5E1D-C289-CED9-3AD8095D4AC0}.Debug|Any CPU.ActiveCfg = Debug|Any CPU
		{C1B297E5-5E1D-C289-CED9-3AD8095D4AC0}.Debug|Any CPU.Build.0 = Debug|Any CPU
		{C1B297E5-5E1D-C289-CED9-3AD8095D4AC0}.Release|Any CPU.ActiveCfg = Release|Any CPU
		{C1B297E5-5E1D-C289-CED9-3AD8095D4AC0}.Release|Any CPU.Build.0 = Release|Any CPU
		{6E9B8C27-4C38-7819-1BA3-F6D8658F67AB}.Debug|Any CPU.ActiveCfg = Debug|Any CPU
		{6E9B8C27-4C38-7819-1BA3-F6D8658F67AB}.Debug|Any CPU.Build.0 = Debug|Any CPU
		{6E9B8C27-4C38-7819-1BA3-F6D8658F67AB}.Release|Any CPU.ActiveCfg = Release|Any CPU
		{6E9B8C27-4C38-7819-1BA3-F6D8658F67AB}.Release|Any CPU.Build.0 = Release|Any CPU
		{1A34BB52-32E3-650B-4AA3-88454ED71ED4}.Debug|Any CPU.ActiveCfg = Debug|Any CPU
		{1A34BB52-32E3-650B-4AA3-88454ED71ED4}.Debug|Any CPU.Build.0 = Debug|Any CPU
		{1A34BB52-32E3-650B-4AA3-88454ED71ED4}.Release|Any CPU.ActiveCfg = Release|Any CPU
		{1A34BB52-32E3-650B-4AA3-88454ED71ED4}.Release|Any CPU.Build.0 = Release|Any CPU
		{518F4950-8E13-FA28-2AC4-24E0ED8404BB}.Debug|Any CPU.ActiveCfg = Debug|Any CPU
		{518F4950-8E13-FA28-2AC4-24E0ED8404BB}.Debug|Any CPU.Build.0 = Debug|Any CPU
		{518F4950-8E13-FA28-2AC4-24E0ED8404BB}.Release|Any CPU.ActiveCfg = Release|Any CPU
		{518F4950-8E13-FA28-2AC4-24E0ED8404BB}.Release|Any CPU.Build.0 = Release|Any CPU
		{9F7F1E1A-A19A-8AEB-9F23-70F23CFD7999}.Debug|Any CPU.ActiveCfg = Debug|Any CPU
		{9F7F1E1A-A19A-8AEB-9F23-70F23CFD7999}.Debug|Any CPU.Build.0 = Debug|Any CPU
		{9F7F1E1A-A19A-8AEB-9F23-70F23CFD7999}.Release|Any CPU.ActiveCfg = Release|Any CPU
		{9F7F1E1A-A19A-8AEB-9F23-70F23CFD7999}.Release|Any CPU.Build.0 = Release|Any CPU
		{4A666C11-7DF0-A349-9FFB-32EC8D432738}.Debug|Any CPU.ActiveCfg = Debug|Any CPU
		{4A666C11-7DF0-A349-9FFB-32EC8D432738}.Debug|Any CPU.Build.0 = Debug|Any CPU
		{4A666C11-7DF0-A349-9FFB-32EC8D432738}.Release|Any CPU.ActiveCfg = Release|Any CPU
		{4A666C11-7DF0-A349-9FFB-32EC8D432738}.Release|Any CPU.Build.0 = Release|Any CPU
		{AAAB6DEC-34C8-0099-F8AA-AC22E8AEC5EC}.Debug|Any CPU.ActiveCfg = Debug|Any CPU
		{AAAB6DEC-34C8-0099-F8AA-AC22E8AEC5EC}.Debug|Any CPU.Build.0 = Debug|Any CPU
		{AAAB6DEC-34C8-0099-F8AA-AC22E8AEC5EC}.Release|Any CPU.ActiveCfg = Release|Any CPU
		{AAAB6DEC-34C8-0099-F8AA-AC22E8AEC5EC}.Release|Any CPU.Build.0 = Release|Any CPU
		{D1F8AC42-6F8A-B442-25FD-6D7E90604713}.Debug|Any CPU.ActiveCfg = Debug|Any CPU
		{D1F8AC42-6F8A-B442-25FD-6D7E90604713}.Debug|Any CPU.Build.0 = Debug|Any CPU
		{D1F8AC42-6F8A-B442-25FD-6D7E90604713}.Release|Any CPU.ActiveCfg = Release|Any CPU
		{D1F8AC42-6F8A-B442-25FD-6D7E90604713}.Release|Any CPU.Build.0 = Release|Any CPU
		{B167283B-E7AF-A843-E4DB-E25A8CED1136}.Debug|Any CPU.ActiveCfg = Debug|Any CPU
		{B167283B-E7AF-A843-E4DB-E25A8CED1136}.Debug|Any CPU.Build.0 = Debug|Any CPU
		{B167283B-E7AF-A843-E4DB-E25A8CED1136}.Release|Any CPU.ActiveCfg = Release|Any CPU
		{B167283B-E7AF-A843-E4DB-E25A8CED1136}.Release|Any CPU.Build.0 = Release|Any CPU
		{BE8F725A-D1C9-0AC2-16FE-263A3EE689CD}.Debug|Any CPU.ActiveCfg = Debug|Any CPU
		{BE8F725A-D1C9-0AC2-16FE-263A3EE689CD}.Debug|Any CPU.Build.0 = Debug|Any CPU
		{BE8F725A-D1C9-0AC2-16FE-263A3EE689CD}.Release|Any CPU.ActiveCfg = Release|Any CPU
		{BE8F725A-D1C9-0AC2-16FE-263A3EE689CD}.Release|Any CPU.Build.0 = Release|Any CPU
		{4C7ED9D4-1DE4-D93F-C972-E2A87D57A780}.Debug|Any CPU.ActiveCfg = Debug|Any CPU
		{4C7ED9D4-1DE4-D93F-C972-E2A87D57A780}.Debug|Any CPU.Build.0 = Debug|Any CPU
		{4C7ED9D4-1DE4-D93F-C972-E2A87D57A780}.Release|Any CPU.ActiveCfg = Release|Any CPU
		{4C7ED9D4-1DE4-D93F-C972-E2A87D57A780}.Release|Any CPU.Build.0 = Release|Any CPU
		{9725CD6A-B688-4850-D9F1-6E7DC2C5DDBF}.Debug|Any CPU.ActiveCfg = Debug|Any CPU
		{9725CD6A-B688-4850-D9F1-6E7DC2C5DDBF}.Debug|Any CPU.Build.0 = Debug|Any CPU
		{9725CD6A-B688-4850-D9F1-6E7DC2C5DDBF}.Release|Any CPU.ActiveCfg = Release|Any CPU
		{9725CD6A-B688-4850-D9F1-6E7DC2C5DDBF}.Release|Any CPU.Build.0 = Release|Any CPU
		{D4430787-6860-D859-1E58-F51AA06D6D50}.Debug|Any CPU.ActiveCfg = Debug|Any CPU
		{D4430787-6860-D859-1E58-F51AA06D6D50}.Debug|Any CPU.Build.0 = Debug|Any CPU
		{D4430787-6860-D859-1E58-F51AA06D6D50}.Release|Any CPU.ActiveCfg = Release|Any CPU
		{D4430787-6860-D859-1E58-F51AA06D6D50}.Release|Any CPU.Build.0 = Release|Any CPU
		{816E6167-110C-79EF-C2FA-2ADB6C4CDFB2}.Debug|Any CPU.ActiveCfg = Debug|Any CPU
		{816E6167-110C-79EF-C2FA-2ADB6C4CDFB2}.Debug|Any CPU.Build.0 = Debug|Any CPU
		{816E6167-110C-79EF-C2FA-2ADB6C4CDFB2}.Release|Any CPU.ActiveCfg = Release|Any CPU
		{816E6167-110C-79EF-C2FA-2ADB6C4CDFB2}.Release|Any CPU.Build.0 = Release|Any CPU
		{141A5FDD-FAAC-F9B2-8A8C-EE03308B5BF6}.Debug|Any CPU.ActiveCfg = Debug|Any CPU
		{141A5FDD-FAAC-F9B2-8A8C-EE03308B5BF6}.Debug|Any CPU.Build.0 = Debug|Any CPU
		{141A5FDD-FAAC-F9B2-8A8C-EE03308B5BF6}.Release|Any CPU.ActiveCfg = Release|Any CPU
		{141A5FDD-FAAC-F9B2-8A8C-EE03308B5BF6}.Release|Any CPU.Build.0 = Release|Any CPU
		{7A7300AB-41FB-562E-0536-132ED6CD4B33}.Debug|Any CPU.ActiveCfg = Debug|Any CPU
		{7A7300AB-41FB-562E-0536-132ED6CD4B33}.Debug|Any CPU.Build.0 = Debug|Any CPU
		{7A7300AB-41FB-562E-0536-132ED6CD4B33}.Release|Any CPU.ActiveCfg = Release|Any CPU
		{7A7300AB-41FB-562E-0536-132ED6CD4B33}.Release|Any CPU.Build.0 = Release|Any CPU
		{BD7C57FC-F445-6E28-561A-0FCA31DFFC74}.Debug|Any CPU.ActiveCfg = Debug|Any CPU
		{BD7C57FC-F445-6E28-561A-0FCA31DFFC74}.Debug|Any CPU.Build.0 = Debug|Any CPU
		{BD7C57FC-F445-6E28-561A-0FCA31DFFC74}.Release|Any CPU.ActiveCfg = Release|Any CPU
		{BD7C57FC-F445-6E28-561A-0FCA31DFFC74}.Release|Any CPU.Build.0 = Release|Any CPU
		{0FD478B5-2020-8766-A9FD-A6AA6DF378D2}.Debug|Any CPU.ActiveCfg = Debug|Any CPU
		{0FD478B5-2020-8766-A9FD-A6AA6DF378D2}.Debug|Any CPU.Build.0 = Debug|Any CPU
		{0FD478B5-2020-8766-A9FD-A6AA6DF378D2}.Release|Any CPU.ActiveCfg = Release|Any CPU
		{0FD478B5-2020-8766-A9FD-A6AA6DF378D2}.Release|Any CPU.Build.0 = Release|Any CPU
		{00144FE2-8C34-EED7-D06C-95E2F0692986}.Debug|Any CPU.ActiveCfg = Debug|Any CPU
		{00144FE2-8C34-EED7-D06C-95E2F0692986}.Debug|Any CPU.Build.0 = Debug|Any CPU
		{00144FE2-8C34-EED7-D06C-95E2F0692986}.Release|Any CPU.ActiveCfg = Release|Any CPU
		{00144FE2-8C34-EED7-D06C-95E2F0692986}.Release|Any CPU.Build.0 = Release|Any CPU
		{08B2F97B-63E5-03C6-87B3-460D9D4D6A74}.Debug|Any CPU.ActiveCfg = Debug|Any CPU
		{08B2F97B-63E5-03C6-87B3-460D9D4D6A74}.Debug|Any CPU.Build.0 = Debug|Any CPU
		{08B2F97B-63E5-03C6-87B3-460D9D4D6A74}.Release|Any CPU.ActiveCfg = Release|Any CPU
		{08B2F97B-63E5-03C6-87B3-460D9D4D6A74}.Release|Any CPU.Build.0 = Release|Any CPU
		{A02B9D32-F231-B5F4-22D9-7B0DC0D94478}.Debug|Any CPU.ActiveCfg = Debug|Any CPU
		{A02B9D32-F231-B5F4-22D9-7B0DC0D94478}.Debug|Any CPU.Build.0 = Debug|Any CPU
		{A02B9D32-F231-B5F4-22D9-7B0DC0D94478}.Release|Any CPU.ActiveCfg = Release|Any CPU
		{A02B9D32-F231-B5F4-22D9-7B0DC0D94478}.Release|Any CPU.Build.0 = Release|Any CPU
		{25530276-003B-D68F-7E7E-0CD1B305E883}.Debug|Any CPU.ActiveCfg = Debug|Any CPU
		{25530276-003B-D68F-7E7E-0CD1B305E883}.Debug|Any CPU.Build.0 = Debug|Any CPU
		{25530276-003B-D68F-7E7E-0CD1B305E883}.Release|Any CPU.ActiveCfg = Release|Any CPU
		{25530276-003B-D68F-7E7E-0CD1B305E883}.Release|Any CPU.Build.0 = Release|Any CPU
		{8FAE3A67-AEA6-C4FE-45FE-84465401A380}.Debug|Any CPU.ActiveCfg = Debug|Any CPU
		{8FAE3A67-AEA6-C4FE-45FE-84465401A380}.Debug|Any CPU.Build.0 = Debug|Any CPU
		{8FAE3A67-AEA6-C4FE-45FE-84465401A380}.Release|Any CPU.ActiveCfg = Release|Any CPU
		{8FAE3A67-AEA6-C4FE-45FE-84465401A380}.Release|Any CPU.Build.0 = Release|Any CPU
		{85B4FC97-4836-1E01-9B2B-1E26F88E41B1}.Debug|Any CPU.ActiveCfg = Debug|Any CPU
		{85B4FC97-4836-1E01-9B2B-1E26F88E41B1}.Debug|Any CPU.Build.0 = Debug|Any CPU
		{85B4FC97-4836-1E01-9B2B-1E26F88E41B1}.Release|Any CPU.ActiveCfg = Release|Any CPU
		{85B4FC97-4836-1E01-9B2B-1E26F88E41B1}.Release|Any CPU.Build.0 = Release|Any CPU
		{FB782170-D87C-FBB0-00C0-9E30036E4911}.Debug|Any CPU.ActiveCfg = Debug|Any CPU
		{FB782170-D87C-FBB0-00C0-9E30036E4911}.Debug|Any CPU.Build.0 = Debug|Any CPU
		{FB782170-D87C-FBB0-00C0-9E30036E4911}.Release|Any CPU.ActiveCfg = Release|Any CPU
		{FB782170-D87C-FBB0-00C0-9E30036E4911}.Release|Any CPU.Build.0 = Release|Any CPU
		{D21923EB-83AD-46A9-78E5-13980BFF9A8D}.Debug|Any CPU.ActiveCfg = Debug|Any CPU
		{D21923EB-83AD-46A9-78E5-13980BFF9A8D}.Debug|Any CPU.Build.0 = Debug|Any CPU
		{D21923EB-83AD-46A9-78E5-13980BFF9A8D}.Release|Any CPU.ActiveCfg = Release|Any CPU
		{D21923EB-83AD-46A9-78E5-13980BFF9A8D}.Release|Any CPU.Build.0 = Release|Any CPU
		{36E39952-748D-F9F3-D6C5-24F7104D07A0}.Debug|Any CPU.ActiveCfg = Debug|Any CPU
		{36E39952-748D-F9F3-D6C5-24F7104D07A0}.Debug|Any CPU.Build.0 = Debug|Any CPU
		{36E39952-748D-F9F3-D6C5-24F7104D07A0}.Release|Any CPU.ActiveCfg = Release|Any CPU
		{36E39952-748D-F9F3-D6C5-24F7104D07A0}.Release|Any CPU.Build.0 = Release|Any CPU
		{1BAEBDD6-77F6-B588-FE85-D192A602AC54}.Debug|Any CPU.ActiveCfg = Debug|Any CPU
		{1BAEBDD6-77F6-B588-FE85-D192A602AC54}.Debug|Any CPU.Build.0 = Debug|Any CPU
		{1BAEBDD6-77F6-B588-FE85-D192A602AC54}.Release|Any CPU.ActiveCfg = Release|Any CPU
		{1BAEBDD6-77F6-B588-FE85-D192A602AC54}.Release|Any CPU.Build.0 = Release|Any CPU
		{0D0B5760-9E31-C47F-C54D-5F4B5721B675}.Debug|Any CPU.ActiveCfg = Debug|Any CPU
		{0D0B5760-9E31-C47F-C54D-5F4B5721B675}.Debug|Any CPU.Build.0 = Debug|Any CPU
		{0D0B5760-9E31-C47F-C54D-5F4B5721B675}.Release|Any CPU.ActiveCfg = Release|Any CPU
		{0D0B5760-9E31-C47F-C54D-5F4B5721B675}.Release|Any CPU.Build.0 = Release|Any CPU
		{74A75EE9-EE0F-3C8D-0DF9-927C3990E849}.Debug|Any CPU.ActiveCfg = Debug|Any CPU
		{74A75EE9-EE0F-3C8D-0DF9-927C3990E849}.Debug|Any CPU.Build.0 = Debug|Any CPU
		{74A75EE9-EE0F-3C8D-0DF9-927C3990E849}.Release|Any CPU.ActiveCfg = Release|Any CPU
		{74A75EE9-EE0F-3C8D-0DF9-927C3990E849}.Release|Any CPU.Build.0 = Release|Any CPU
		{F87F4269-12F4-FD1F-5021-B0BF5DF7B37B}.Debug|Any CPU.ActiveCfg = Debug|Any CPU
		{F87F4269-12F4-FD1F-5021-B0BF5DF7B37B}.Debug|Any CPU.Build.0 = Debug|Any CPU
		{F87F4269-12F4-FD1F-5021-B0BF5DF7B37B}.Release|Any CPU.ActiveCfg = Release|Any CPU
		{F87F4269-12F4-FD1F-5021-B0BF5DF7B37B}.Release|Any CPU.Build.0 = Release|Any CPU
		{39CD8E4D-D71D-D986-A8C6-D4384AFD1B8E}.Debug|Any CPU.ActiveCfg = Debug|Any CPU
		{39CD8E4D-D71D-D986-A8C6-D4384AFD1B8E}.Debug|Any CPU.Build.0 = Debug|Any CPU
		{39CD8E4D-D71D-D986-A8C6-D4384AFD1B8E}.Release|Any CPU.ActiveCfg = Release|Any CPU
		{39CD8E4D-D71D-D986-A8C6-D4384AFD1B8E}.Release|Any CPU.Build.0 = Release|Any CPU
	EndGlobalSection
	GlobalSection(SolutionProperties) = preSolution
		HideSolutionNode = FALSE
	EndGlobalSection
EndGlobal
